
Microsoft Visual Studio Solution File, Format Version 12.00
# Visual Studio Version 17
VisualStudioVersion = 17.14.36401.2 d17.14
MinimumVisualStudioVersion = 10.0.40219.1
Project("{FAE04EC0-301F-11D3-BF4B-00C04F79EFBC}") = "AppFacturacion1.5", "AppFacturacion1.5.csproj", "{CC845AC3-0D6D-4F39-8186-CDE71998F21B}"
EndProject
Global
	GlobalSection(SolutionConfigurationPlatforms) = preSolution
		Debug|Any CPU = Debug|Any CPU
		Release|Any CPU = Release|Any CPU
	EndGlobalSection
	GlobalSection(ProjectConfigurationPlatforms) = postSolution
		{CC845AC3-0D6D-4F39-8186-CDE71998F21B}.Debug|Any CPU.ActiveCfg = Debug|Any CPU
		{CC845AC3-0D6D-4F39-8186-CDE71998F21B}.Debug|Any CPU.Build.0 = Debug|Any CPU
		{CC845AC3-0D6D-4F39-8186-CDE71998F21B}.Release|Any CPU.ActiveCfg = Release|Any CPU
		{CC845AC3-0D6D-4F39-8186-CDE71998F21B}.Release|Any CPU.Build.0 = Release|Any CPU
	EndGlobalSection
	GlobalSection(SolutionProperties) = preSolution
		HideSolutionNode = FALSE
	EndGlobalSection
	GlobalSection(ExtensibilityGlobals) = postSolution
		SolutionGuid = {28702657-D581-4FC4-8D86-862A3064B00C}
	EndGlobalSection
EndGlobal
